
Microsoft Visual Studio Solution File, Format Version 12.00
# Visual Studio 15
VisualStudioVersion = 15.0.27130.2026
MinimumVisualStudioVersion = 10.0.40219.1
Project("{2150E333-8FDC-42A3-9474-1A3956D46DE8}") = ".nuget", ".nuget", "{DFA48E27-7D53-4955-A722-3D91A7119BE7}"
	ProjectSection(SolutionItems) = preProject
		.nuget\NuGet.Config = .nuget\NuGet.Config
		.nuget\NuGet.exe = .nuget\NuGet.exe
		.nuget\NuGet.targets = .nuget\NuGet.targets
	EndProjectSection
EndProject
Project("{2150E333-8FDC-42A3-9474-1A3956D46DE8}") = "Test", "Test", "{7E85C7E5-70BD-4C9D-B052-D95955F46609}"
EndProject
Project("{2150E333-8FDC-42A3-9474-1A3956D46DE8}") = "Tools", "Tools", "{7408541C-F99C-4197-B203-136115BD1CB9}"
EndProject
Project("{2150E333-8FDC-42A3-9474-1A3956D46DE8}") = "Modules", "Modules", "{F7810593-3007-4876-A81C-1C6EDB41FEFB}"
EndProject
Project("{2150E333-8FDC-42A3-9474-1A3956D46DE8}") = "Adp", "Adp", "{5C533A68-EA85-4372-9A04-10B1D6DB2089}"
EndProject
Project("{2150E333-8FDC-42A3-9474-1A3956D46DE8}") = "样板项目", "样板项目", "{68AE0090-E9AF-466A-A898-5A7438A6ED41}"
EndProject
Project("{FAE04EC0-301F-11D3-BF4B-00C04F79EFBC}") = "Block.Core", "Blocks.Core\Block.Core.csproj", "{17298EA0-AF73-4F30-B6F1-2066100D7D74}"
EndProject
Project("{FAE04EC0-301F-11D3-BF4B-00C04F79EFBC}") = "Blocks.Application", "Blocks.Application\Blocks.Application.csproj", "{EDF5D964-4C0F-4F19-B674-58A38A5E5401}"
EndProject
Project("{FAE04EC0-301F-11D3-BF4B-00C04F79EFBC}") = "Blocks.EntityFramework", "Blocks.EntityFramework\Blocks.EntityFramework.csproj", "{3979F157-DEB0-4878-AB1D-4CEF6B5A1300}"
EndProject
Project("{FAE04EC0-301F-11D3-BF4B-00C04F79EFBC}") = "Blocks.Web", "Blocks.Web\Blocks.Web.csproj", "{404A6D3B-AA85-4E4C-AEEE-1E5026D5F135}"
EndProject
Project("{FAE04EC0-301F-11D3-BF4B-00C04F79EFBC}") = "Blocks.Tests", "Tests\Blocks.Tests\Blocks.Tests.csproj", "{C602C47E-F379-40A3-A146-4F19105B3491}"
EndProject
Project("{FAE04EC0-301F-11D3-BF4B-00C04F79EFBC}") = "Blocks.Migrator", "Tools\Blocks.Migrator\Blocks.Migrator.csproj", "{6F98C2F2-898A-421B-BE3D-68FE69EC0646}"
EndProject
Project("{FAE04EC0-301F-11D3-BF4B-00C04F79EFBC}") = "Blocks.WebApi", "Blocks.WebApi\Blocks.WebApi.csproj", "{5EB52D3D-09FD-463A-B02A-8D9856BD3724}"
EndProject
Project("{9A19103F-16F7-4668-BE54-9A1E7A4F7556}") = "Abp", "Adp\Abp\Abp.csproj", "{0F98C63C-D019-4F38-9AC3-F5D7BCAD9107}"
EndProject
Project("{9A19103F-16F7-4668-BE54-9A1E7A4F7556}") = "Abp.Web", "Adp\Abp.Web\Abp.Web.csproj", "{D7355480-1C71-47D5-B7A3-023CDC5941F3}"
EndProject
Project("{9A19103F-16F7-4668-BE54-9A1E7A4F7556}") = "Abp.Web.Api", "Adp\Abp.Web.Api\Abp.Web.Api.csproj", "{E896CE38-6D25-45BB-BFAE-0EBE00F58EDB}"
EndProject
Project("{9A19103F-16F7-4668-BE54-9A1E7A4F7556}") = "Abp.Web.Mvc", "Adp\Abp.Web.Mvc\Abp.Web.Mvc.csproj", "{F25D3BC1-3070-422B-A0C5-F8478D9542DA}"
EndProject
Project("{9A19103F-16F7-4668-BE54-9A1E7A4F7556}") = "Abp.Web.SignalR", "Adp\Abp.Web.SignalR\Abp.Web.SignalR.csproj", "{64B5BB73-40D8-4897-A109-679FD8A0B361}"
EndProject
Project("{9A19103F-16F7-4668-BE54-9A1E7A4F7556}") = "Abp.Web.Common", "Adp\Abp.Web.Common\Abp.Web.Common.csproj", "{E8FDE65C-63AB-4B45-ACA4-3369A9411236}"
EndProject
Project("{9A19103F-16F7-4668-BE54-9A1E7A4F7556}") = "Abp.EntityFramework", "Adp\Abp.EntityFramework\Abp.EntityFramework.csproj", "{2F3960A4-FF4D-4CBF-A9E9-C4E02316E491}"
EndProject
Project("{9A19103F-16F7-4668-BE54-9A1E7A4F7556}") = "Abp.EntityFramework.Common", "Adp\Abp.EntityFramework.Common\Abp.EntityFramework.Common.csproj", "{C480377F-C82F-49E9-8DD4-B8B50C6D325C}"
EndProject
Project("{9A19103F-16F7-4668-BE54-9A1E7A4F7556}") = "Abp.EntityFrameworkCore", "Adp\Abp.EntityFrameworkCore\Abp.EntityFrameworkCore.csproj", "{8E6638A2-AF79-4C49-AF9C-7CFA8AAB530E}"
EndProject
Project("{9A19103F-16F7-4668-BE54-9A1E7A4F7556}") = "Abp.AutoMapper", "Adp\Abp.AutoMapper\Abp.AutoMapper.csproj", "{44EE7B2B-C3E5-42B9-95D9-79F8742D6129}"
EndProject
Project("{9A19103F-16F7-4668-BE54-9A1E7A4F7556}") = "Abp.Zero", "Adp\Abp.Zero\Abp.Zero.csproj", "{22F38673-D59E-4D44-92CD-1E0FB37E7858}"
EndProject
Project("{9A19103F-16F7-4668-BE54-9A1E7A4F7556}") = "Abp.Zero.EntityFramework", "Adp\Abp.Zero.EntityFramework\Abp.Zero.EntityFramework.csproj", "{35263B8A-2F09-4AC6-8F5E-C02F15D5361E}"
EndProject
Project("{9A19103F-16F7-4668-BE54-9A1E7A4F7556}") = "Abp.Zero.EntityFrameworkCore", "Adp\Abp.Zero.EntityFrameworkCore\Abp.Zero.EntityFrameworkCore.csproj", "{A4E2B8FC-6BB4-4057-9D87-3804ADE039B1}"
EndProject
Project("{9A19103F-16F7-4668-BE54-9A1E7A4F7556}") = "Abp.Zero.Common", "Adp\Abp.Zero.Common\Abp.Zero.Common.csproj", "{2F5783EE-A022-45A5-928F-2588CB5F6C8E}"
EndProject
Project("{9A19103F-16F7-4668-BE54-9A1E7A4F7556}") = "Abp.Castle.Log4Net", "Adp\Abp.Castle.Log4Net\Abp.Castle.Log4Net.csproj", "{2F287607-7F51-476E-9BBF-FEB8131951AA}"
EndProject
Project("{9A19103F-16F7-4668-BE54-9A1E7A4F7556}") = "Abp.HangFire", "Adp\Abp.HangFire\Abp.HangFire.csproj", "{EADA801E-BF9A-47CF-9871-5154B0C0CD1F}"
EndProject
Project("{9A19103F-16F7-4668-BE54-9A1E7A4F7556}") = "Abp.Owin", "Adp\Abp.Owin\Abp.Owin.csproj", "{1E36A97E-AD8A-492B-A700-BF7892FF8BC9}"
EndProject
Project("{FAE04EC0-301F-11D3-BF4B-00C04F79EFBC}") = "Blocks.ResourcesModule", "Blocks.Web\Modules\Blocks.ResourcesModule\Blocks.ResourcesModule.csproj", "{E41A7336-941C-44AF-9FBD-6A85664CC957}"
EndProject
Project("{FAE04EC0-301F-11D3-BF4B-00C04F79EFBC}") = "Blocks.LayoutModule", "Blocks.Web\Modules\Blocks.LayoutModule\Blocks.LayoutModule.csproj", "{96319EA5-C353-4624-9E18-F50743C44E7E}"
EndProject
Project("{FAE04EC0-301F-11D3-BF4B-00C04F79EFBC}") = "Blocks.Framework.DBORM.old", "Blocks.Framework.DBORM\Blocks.Framework.DBORM.old.csproj", "{9CA5B764-D047-4662-BA93-DB578ED89E4E}"
EndProject
Project("{FAE04EC0-301F-11D3-BF4B-00C04F79EFBC}") = "EntityFramework.Test", "EntityFramework.Test\EntityFramework.Test.csproj", "{145B3734-29AC-41A8-9BEB-39CBE9C38F9A}"
EndProject
Project("{FAE04EC0-301F-11D3-BF4B-00C04F79EFBC}") = "Blocks.BussnessApplicationModule", "Blocks.Web\Modules\Blocks.BussnessApplicationModule\Blocks.BussnessApplicationModule.csproj", "{7BF3125E-D15F-43A9-9735-E7BC8527BF63}"
EndProject
Project("{FAE04EC0-301F-11D3-BF4B-00C04F79EFBC}") = "Blocks.BussnessDomainModule", "Blocks.Web\Modules\Blocks.BussnessDomainModule\Blocks.BussnessDomainModule.csproj", "{515B2AFD-ABE4-4D33-8332-8D900ED947F1}"
EndProject
Project("{FAE04EC0-301F-11D3-BF4B-00C04F79EFBC}") = "Blocks.BussnessEntityModule", "Blocks.Web\Modules\Blocks.BussnessEntityModule\Blocks.BussnessEntityModule.csproj", "{11206F21-DC7C-4F62-9AB9-9CD1095A78C0}"
EndProject
Project("{FAE04EC0-301F-11D3-BF4B-00C04F79EFBC}") = "Blocks.BussnessRespositoryModule", "Blocks.Web\Modules\Blocks.BussnessRespositoryModule\Blocks.BussnessRespositoryModule.csproj", "{7FB9B7F5-2CC8-4E71-B714-5E2044164448}"
EndProject
Project("{FAE04EC0-301F-11D3-BF4B-00C04F79EFBC}") = "Blocks.BussnessWebModule", "Blocks.Web\Modules\Blocks.BussnessWebModule\Blocks.BussnessWebModule.csproj", "{A5F67ECC-4923-41E9-96F9-1E5D7EF417ED}"
EndProject
Project("{FAE04EC0-301F-11D3-BF4B-00C04F79EFBC}") = "Blocks.BussnessRespositoryModule.SqlserverModule", "Blocks.Web\Modules\Blocks.BussnessRespositoryModule.SqlserverModule\Blocks.BussnessRespositoryModule.SqlserverModule.csproj", "{1873B56F-99EA-4E0E-B9D4-F4C3293FB25D}"
EndProject
Project("{FAE04EC0-301F-11D3-BF4B-00C04F79EFBC}") = "VueSample", "VueSample\VueSample.csproj", "{7B52589F-3E98-4620-BA08-211174EE6AE3}"
EndProject
Project("{FAE04EC0-301F-11D3-BF4B-00C04F79EFBC}") = "Blocks.BussnessDomainExtendModule", "Blocks.Web\Modules\Blocks.BussnessDomainExtendModule\Blocks.BussnessDomainExtendModule.csproj", "{CFCC17E1-DD89-4135-A35B-682E722D070B}"
EndProject
Project("{FAE04EC0-301F-11D3-BF4B-00C04F79EFBC}") = "Blocks.BussnessDTOModule", "Blocks.Web\Modules\Blocks.BussnessDTOModule\Blocks.BussnessDTOModule.csproj", "{AD72F6ED-27BD-4FFF-AD43-B653DC8F67F5}"
EndProject
Project("{9A19103F-16F7-4668-BE54-9A1E7A4F7556}") = "Blocks.Framework", "Blocks.Framework\Blocks.Framework.csproj", "{4202B741-6554-49A1-88BF-A93DC792B525}"
EndProject
Project("{9A19103F-16F7-4668-BE54-9A1E7A4F7556}") = "Castle.Winsdor.Aspnet.Web", "Castle.Winsdor.Aspnet.Web\Castle.Winsdor.Aspnet.Web.csproj", "{992E6471-B771-484C-91DC-6F325472DC31}"
EndProject
Project("{9A19103F-16F7-4668-BE54-9A1E7A4F7556}") = "Blocks.Framework.Test", "Test\Blocks.Framework.Test\Blocks.Framework.Test.csproj", "{0C99F775-D654-4148-B2DD-B9010B374114}"
EndProject
Project("{9A19103F-16F7-4668-BE54-9A1E7A4F7556}") = "Abp.TestBase", "Adp\Abp.TestBase\Abp.TestBase.csproj", "{63C9F17E-6DC1-4AD8-A919-5C55EBF9B8D4}"
EndProject
Project("{FAE04EC0-301F-11D3-BF4B-00C04F79EFBC}") = "Blocks.Framework.Web", "Blocks.Framework.Web.old\Blocks.Framework.Web.csproj", "{4A40A2EE-57BC-48A4-ABD5-36C7D3CBDD34}"
EndProject
Project("{9A19103F-16F7-4668-BE54-9A1E7A4F7556}") = "WebApplication123", "WebApplication123\WebApplication123.csproj", "{D7685BCC-3AF4-4E80-AD88-770CC74BAF13}"
EndProject
Project("{9A19103F-16F7-4668-BE54-9A1E7A4F7556}") = "Blocks.Framework.Web.Test", "Test\Blocks.Framework.Web.Test\Blocks.Framework.Web.Test.csproj", "{D0409309-AB36-4ADC-A615-5BB23DA19D1E}"
EndProject
Project("{9A19103F-16F7-4668-BE54-9A1E7A4F7556}") = "Blocks.Core", "Standard\Blocks.Core\Blocks.Core.csproj", "{0ADFB2DB-E9F6-4345-A659-60CF03571453}"
EndProject
Project("{9A19103F-16F7-4668-BE54-9A1E7A4F7556}") = "Blocks.Core.Test", "Test\Blocks.Core.Test\Blocks.Core.Test.csproj", "{FBD6250D-DC02-4917-9D35-C9864D102F21}"
EndProject
Project("{9A19103F-16F7-4668-BE54-9A1E7A4F7556}") = "Blocks.LayoutModule.ExtensionsModule", "Blocks.Web\Modules\Blocks.LayoutModule.ExtensionsModule\Blocks.LayoutModule.ExtensionsModule.csproj", "{A5BA890A-7ED1-4719-B635-486B9F3829A9}"
EndProject
Project("{FAE04EC0-301F-11D3-BF4B-00C04F79EFBC}") = "Blocks.LocalizationModule", "Blocks.Web\Modules\Blocks.LocalizationModule\Blocks.LocalizationModule.csproj", "{F70692C4-B062-49DB-A8C1-635B39E1AA94}"
EndProject
Project("{FAE04EC0-301F-11D3-BF4B-00C04F79EFBC}") = "Blocks.PermissonModule", "Blocks.Web\Modules\Blocks.PermissonModule\Blocks.PermissonModule.csproj", "{67291644-A346-4EB2-96E9-467497CCF9FE}"
EndProject
Project("{9A19103F-16F7-4668-BE54-9A1E7A4F7556}") = "TestEntityFramework", "TestEntityFramework\TestEntityFramework.csproj", "{5FA99036-02AF-47DD-925A-397ABA11FF42}"
EndProject
Project("{9A19103F-16F7-4668-BE54-9A1E7A4F7556}") = "Blocks.Framework.ORM", "Blocks.Framework.ORM\Blocks.Framework.ORM.csproj", "{999AE8E9-901D-4081-88BE-BA8E8E71946F}"
EndProject
Project("{9A19103F-16F7-4668-BE54-9A1E7A4F7556}") = "Blocks.Framework.DBORM", "Standard\Blocks.Framework.DBORM\Blocks.Framework.DBORM.csproj", "{2C7D4659-284F-466E-A2B9-0A9DF260AA8E}"
EndProject
Project("{9A19103F-16F7-4668-BE54-9A1E7A4F7556}") = "ConsoleApp1", "ConsoleApp1\ConsoleApp1.csproj", "{D828F5D5-160C-4438-99E8-79765D9C913C}"
EndProject
Project("{9A19103F-16F7-4668-BE54-9A1E7A4F7556}") = "Blocks.Framework.DBORM.New.Test", "Standard\Blocks.Framework.DBORM.New.Test\Blocks.Framework.DBORM.New.Test.csproj", "{76310B3A-CA9D-4AC1-9970-B595DE895221}"
EndProject
Project("{9A19103F-16F7-4668-BE54-9A1E7A4F7556}") = "Blocks.Framework.TestAssembly1", "Test\Blocks.Framework.TestAssembly1\Blocks.Framework.TestAssembly1.csproj", "{9FE9A632-5ABE-492D-85F0-ADAAEDE417F7}"
EndProject
Project("{9A19103F-16F7-4668-BE54-9A1E7A4F7556}") = "Blocks.Framework.TestAssembly2", "Test\Blocks.Framework.TestAssembly2\Blocks.Framework.TestAssembly2.csproj", "{7A873F95-C4F9-4B33-A02A-60BB45A6D1AA}"
EndProject
Project("{FAE04EC0-301F-11D3-BF4B-00C04F79EFBC}") = "Blocks.BussnessRespositoryModule.OracleModule", "Blocks.Web\Modules\Blocks.BussnessRespositoryModule.OracleModule\Blocks.BussnessRespositoryModule.OracleModule.csproj", "{6FC9477B-2C20-4D71-859B-594FE53474DD}"
EndProject
Project("{FAE04EC0-301F-11D3-BF4B-00C04F79EFBC}") = "Blocks.RedisCacheModule", "Blocks.RedisCacheModule\Blocks.RedisCacheModule.csproj", "{5DFC547E-A218-493A-B0B5-BA67D34F6AD6}"
EndProject
Project("{FAE04EC0-301F-11D3-BF4B-00C04F79EFBC}") = "Blocks.Framework.DBORM.Test", "Standard\Blocks.Framework.DBORM.Test\Blocks.Framework.DBORM.Test.csproj", "{DAF7AA32-C029-49BD-8953-FC115C5542C9}"
EndProject
Project("{FAE04EC0-301F-11D3-BF4B-00C04F79EFBC}") = "Blocks.AsscessControlModelModule", "Blocks.AsscessControlModelModule\Blocks.AsscessControlModelModule.csproj", "{DD9021DB-1D01-4D4C-98BE-A5AC30848942}"
EndProject
Global
	GlobalSection(SolutionConfigurationPlatforms) = preSolution
		Debug|Any CPU = Debug|Any CPU
		Release|Any CPU = Release|Any CPU
	EndGlobalSection
	GlobalSection(ProjectConfigurationPlatforms) = postSolution
		{17298EA0-AF73-4F30-B6F1-2066100D7D74}.Debug|Any CPU.ActiveCfg = Debug|Any CPU
		{17298EA0-AF73-4F30-B6F1-2066100D7D74}.Debug|Any CPU.Build.0 = Debug|Any CPU
		{17298EA0-AF73-4F30-B6F1-2066100D7D74}.Release|Any CPU.ActiveCfg = Release|Any CPU
		{17298EA0-AF73-4F30-B6F1-2066100D7D74}.Release|Any CPU.Build.0 = Release|Any CPU
		{EDF5D964-4C0F-4F19-B674-58A38A5E5401}.Debug|Any CPU.ActiveCfg = Debug|Any CPU
		{EDF5D964-4C0F-4F19-B674-58A38A5E5401}.Debug|Any CPU.Build.0 = Debug|Any CPU
		{EDF5D964-4C0F-4F19-B674-58A38A5E5401}.Release|Any CPU.ActiveCfg = Release|Any CPU
		{EDF5D964-4C0F-4F19-B674-58A38A5E5401}.Release|Any CPU.Build.0 = Release|Any CPU
		{3979F157-DEB0-4878-AB1D-4CEF6B5A1300}.Debug|Any CPU.ActiveCfg = Debug|Any CPU
		{3979F157-DEB0-4878-AB1D-4CEF6B5A1300}.Debug|Any CPU.Build.0 = Debug|Any CPU
		{3979F157-DEB0-4878-AB1D-4CEF6B5A1300}.Release|Any CPU.ActiveCfg = Release|Any CPU
		{3979F157-DEB0-4878-AB1D-4CEF6B5A1300}.Release|Any CPU.Build.0 = Release|Any CPU
		{404A6D3B-AA85-4E4C-AEEE-1E5026D5F135}.Debug|Any CPU.ActiveCfg = Debug|Any CPU
		{404A6D3B-AA85-4E4C-AEEE-1E5026D5F135}.Debug|Any CPU.Build.0 = Debug|Any CPU
		{404A6D3B-AA85-4E4C-AEEE-1E5026D5F135}.Release|Any CPU.ActiveCfg = Release|Any CPU
		{404A6D3B-AA85-4E4C-AEEE-1E5026D5F135}.Release|Any CPU.Build.0 = Release|Any CPU
		{C602C47E-F379-40A3-A146-4F19105B3491}.Debug|Any CPU.ActiveCfg = Debug|Any CPU
		{C602C47E-F379-40A3-A146-4F19105B3491}.Debug|Any CPU.Build.0 = Debug|Any CPU
		{C602C47E-F379-40A3-A146-4F19105B3491}.Release|Any CPU.ActiveCfg = Release|Any CPU
		{C602C47E-F379-40A3-A146-4F19105B3491}.Release|Any CPU.Build.0 = Release|Any CPU
		{6F98C2F2-898A-421B-BE3D-68FE69EC0646}.Debug|Any CPU.ActiveCfg = Debug|Any CPU
		{6F98C2F2-898A-421B-BE3D-68FE69EC0646}.Debug|Any CPU.Build.0 = Debug|Any CPU
		{6F98C2F2-898A-421B-BE3D-68FE69EC0646}.Release|Any CPU.ActiveCfg = Release|Any CPU
		{6F98C2F2-898A-421B-BE3D-68FE69EC0646}.Release|Any CPU.Build.0 = Release|Any CPU
		{5EB52D3D-09FD-463A-B02A-8D9856BD3724}.Debug|Any CPU.ActiveCfg = Debug|Any CPU
		{5EB52D3D-09FD-463A-B02A-8D9856BD3724}.Debug|Any CPU.Build.0 = Debug|Any CPU
		{5EB52D3D-09FD-463A-B02A-8D9856BD3724}.Release|Any CPU.ActiveCfg = Release|Any CPU
		{5EB52D3D-09FD-463A-B02A-8D9856BD3724}.Release|Any CPU.Build.0 = Release|Any CPU
		{0F98C63C-D019-4F38-9AC3-F5D7BCAD9107}.Debug|Any CPU.ActiveCfg = Debug|Any CPU
		{0F98C63C-D019-4F38-9AC3-F5D7BCAD9107}.Debug|Any CPU.Build.0 = Debug|Any CPU
		{0F98C63C-D019-4F38-9AC3-F5D7BCAD9107}.Release|Any CPU.ActiveCfg = Release|Any CPU
		{0F98C63C-D019-4F38-9AC3-F5D7BCAD9107}.Release|Any CPU.Build.0 = Release|Any CPU
		{D7355480-1C71-47D5-B7A3-023CDC5941F3}.Debug|Any CPU.ActiveCfg = Debug|Any CPU
		{D7355480-1C71-47D5-B7A3-023CDC5941F3}.Debug|Any CPU.Build.0 = Debug|Any CPU
		{D7355480-1C71-47D5-B7A3-023CDC5941F3}.Release|Any CPU.ActiveCfg = Release|Any CPU
		{D7355480-1C71-47D5-B7A3-023CDC5941F3}.Release|Any CPU.Build.0 = Release|Any CPU
		{E896CE38-6D25-45BB-BFAE-0EBE00F58EDB}.Debug|Any CPU.ActiveCfg = Debug|Any CPU
		{E896CE38-6D25-45BB-BFAE-0EBE00F58EDB}.Debug|Any CPU.Build.0 = Debug|Any CPU
		{E896CE38-6D25-45BB-BFAE-0EBE00F58EDB}.Release|Any CPU.ActiveCfg = Release|Any CPU
		{E896CE38-6D25-45BB-BFAE-0EBE00F58EDB}.Release|Any CPU.Build.0 = Release|Any CPU
		{F25D3BC1-3070-422B-A0C5-F8478D9542DA}.Debug|Any CPU.ActiveCfg = Debug|Any CPU
		{F25D3BC1-3070-422B-A0C5-F8478D9542DA}.Debug|Any CPU.Build.0 = Debug|Any CPU
		{F25D3BC1-3070-422B-A0C5-F8478D9542DA}.Release|Any CPU.ActiveCfg = Release|Any CPU
		{F25D3BC1-3070-422B-A0C5-F8478D9542DA}.Release|Any CPU.Build.0 = Release|Any CPU
		{64B5BB73-40D8-4897-A109-679FD8A0B361}.Debug|Any CPU.ActiveCfg = Debug|Any CPU
		{64B5BB73-40D8-4897-A109-679FD8A0B361}.Debug|Any CPU.Build.0 = Debug|Any CPU
		{64B5BB73-40D8-4897-A109-679FD8A0B361}.Release|Any CPU.ActiveCfg = Release|Any CPU
		{64B5BB73-40D8-4897-A109-679FD8A0B361}.Release|Any CPU.Build.0 = Release|Any CPU
		{E8FDE65C-63AB-4B45-ACA4-3369A9411236}.Debug|Any CPU.ActiveCfg = Debug|Any CPU
		{E8FDE65C-63AB-4B45-ACA4-3369A9411236}.Debug|Any CPU.Build.0 = Debug|Any CPU
		{E8FDE65C-63AB-4B45-ACA4-3369A9411236}.Release|Any CPU.ActiveCfg = Release|Any CPU
		{E8FDE65C-63AB-4B45-ACA4-3369A9411236}.Release|Any CPU.Build.0 = Release|Any CPU
		{2F3960A4-FF4D-4CBF-A9E9-C4E02316E491}.Debug|Any CPU.ActiveCfg = Debug|Any CPU
		{2F3960A4-FF4D-4CBF-A9E9-C4E02316E491}.Debug|Any CPU.Build.0 = Debug|Any CPU
		{2F3960A4-FF4D-4CBF-A9E9-C4E02316E491}.Release|Any CPU.ActiveCfg = Release|Any CPU
		{2F3960A4-FF4D-4CBF-A9E9-C4E02316E491}.Release|Any CPU.Build.0 = Release|Any CPU
		{C480377F-C82F-49E9-8DD4-B8B50C6D325C}.Debug|Any CPU.ActiveCfg = Debug|Any CPU
		{C480377F-C82F-49E9-8DD4-B8B50C6D325C}.Debug|Any CPU.Build.0 = Debug|Any CPU
		{C480377F-C82F-49E9-8DD4-B8B50C6D325C}.Release|Any CPU.ActiveCfg = Release|Any CPU
		{C480377F-C82F-49E9-8DD4-B8B50C6D325C}.Release|Any CPU.Build.0 = Release|Any CPU
		{8E6638A2-AF79-4C49-AF9C-7CFA8AAB530E}.Debug|Any CPU.ActiveCfg = Debug|Any CPU
		{8E6638A2-AF79-4C49-AF9C-7CFA8AAB530E}.Debug|Any CPU.Build.0 = Debug|Any CPU
		{8E6638A2-AF79-4C49-AF9C-7CFA8AAB530E}.Release|Any CPU.ActiveCfg = Release|Any CPU
		{8E6638A2-AF79-4C49-AF9C-7CFA8AAB530E}.Release|Any CPU.Build.0 = Release|Any CPU
		{44EE7B2B-C3E5-42B9-95D9-79F8742D6129}.Debug|Any CPU.ActiveCfg = Debug|Any CPU
		{44EE7B2B-C3E5-42B9-95D9-79F8742D6129}.Debug|Any CPU.Build.0 = Debug|Any CPU
		{44EE7B2B-C3E5-42B9-95D9-79F8742D6129}.Release|Any CPU.ActiveCfg = Release|Any CPU
		{44EE7B2B-C3E5-42B9-95D9-79F8742D6129}.Release|Any CPU.Build.0 = Release|Any CPU
		{22F38673-D59E-4D44-92CD-1E0FB37E7858}.Debug|Any CPU.ActiveCfg = Debug|Any CPU
		{22F38673-D59E-4D44-92CD-1E0FB37E7858}.Debug|Any CPU.Build.0 = Debug|Any CPU
		{22F38673-D59E-4D44-92CD-1E0FB37E7858}.Release|Any CPU.ActiveCfg = Release|Any CPU
		{22F38673-D59E-4D44-92CD-1E0FB37E7858}.Release|Any CPU.Build.0 = Release|Any CPU
		{35263B8A-2F09-4AC6-8F5E-C02F15D5361E}.Debug|Any CPU.ActiveCfg = Debug|Any CPU
		{35263B8A-2F09-4AC6-8F5E-C02F15D5361E}.Debug|Any CPU.Build.0 = Debug|Any CPU
		{35263B8A-2F09-4AC6-8F5E-C02F15D5361E}.Release|Any CPU.ActiveCfg = Release|Any CPU
		{35263B8A-2F09-4AC6-8F5E-C02F15D5361E}.Release|Any CPU.Build.0 = Release|Any CPU
		{A4E2B8FC-6BB4-4057-9D87-3804ADE039B1}.Debug|Any CPU.ActiveCfg = Debug|Any CPU
		{A4E2B8FC-6BB4-4057-9D87-3804ADE039B1}.Debug|Any CPU.Build.0 = Debug|Any CPU
		{A4E2B8FC-6BB4-4057-9D87-3804ADE039B1}.Release|Any CPU.ActiveCfg = Release|Any CPU
		{A4E2B8FC-6BB4-4057-9D87-3804ADE039B1}.Release|Any CPU.Build.0 = Release|Any CPU
		{2F5783EE-A022-45A5-928F-2588CB5F6C8E}.Debug|Any CPU.ActiveCfg = Debug|Any CPU
		{2F5783EE-A022-45A5-928F-2588CB5F6C8E}.Debug|Any CPU.Build.0 = Debug|Any CPU
		{2F5783EE-A022-45A5-928F-2588CB5F6C8E}.Release|Any CPU.ActiveCfg = Release|Any CPU
		{2F5783EE-A022-45A5-928F-2588CB5F6C8E}.Release|Any CPU.Build.0 = Release|Any CPU
		{2F287607-7F51-476E-9BBF-FEB8131951AA}.Debug|Any CPU.ActiveCfg = Debug|Any CPU
		{2F287607-7F51-476E-9BBF-FEB8131951AA}.Debug|Any CPU.Build.0 = Debug|Any CPU
		{2F287607-7F51-476E-9BBF-FEB8131951AA}.Release|Any CPU.ActiveCfg = Release|Any CPU
		{2F287607-7F51-476E-9BBF-FEB8131951AA}.Release|Any CPU.Build.0 = Release|Any CPU
		{EADA801E-BF9A-47CF-9871-5154B0C0CD1F}.Debug|Any CPU.ActiveCfg = Debug|Any CPU
		{EADA801E-BF9A-47CF-9871-5154B0C0CD1F}.Debug|Any CPU.Build.0 = Debug|Any CPU
		{EADA801E-BF9A-47CF-9871-5154B0C0CD1F}.Release|Any CPU.ActiveCfg = Release|Any CPU
		{EADA801E-BF9A-47CF-9871-5154B0C0CD1F}.Release|Any CPU.Build.0 = Release|Any CPU
		{1E36A97E-AD8A-492B-A700-BF7892FF8BC9}.Debug|Any CPU.ActiveCfg = Debug|Any CPU
		{1E36A97E-AD8A-492B-A700-BF7892FF8BC9}.Debug|Any CPU.Build.0 = Debug|Any CPU
		{1E36A97E-AD8A-492B-A700-BF7892FF8BC9}.Release|Any CPU.ActiveCfg = Release|Any CPU
		{1E36A97E-AD8A-492B-A700-BF7892FF8BC9}.Release|Any CPU.Build.0 = Release|Any CPU
		{E41A7336-941C-44AF-9FBD-6A85664CC957}.Debug|Any CPU.ActiveCfg = Debug|Any CPU
		{E41A7336-941C-44AF-9FBD-6A85664CC957}.Debug|Any CPU.Build.0 = Debug|Any CPU
		{E41A7336-941C-44AF-9FBD-6A85664CC957}.Release|Any CPU.ActiveCfg = Release|Any CPU
		{E41A7336-941C-44AF-9FBD-6A85664CC957}.Release|Any CPU.Build.0 = Release|Any CPU
		{96319EA5-C353-4624-9E18-F50743C44E7E}.Debug|Any CPU.ActiveCfg = Debug|Any CPU
		{96319EA5-C353-4624-9E18-F50743C44E7E}.Debug|Any CPU.Build.0 = Debug|Any CPU
		{96319EA5-C353-4624-9E18-F50743C44E7E}.Release|Any CPU.ActiveCfg = Release|Any CPU
		{96319EA5-C353-4624-9E18-F50743C44E7E}.Release|Any CPU.Build.0 = Release|Any CPU
		{9CA5B764-D047-4662-BA93-DB578ED89E4E}.Debug|Any CPU.ActiveCfg = Debug|Any CPU
		{9CA5B764-D047-4662-BA93-DB578ED89E4E}.Debug|Any CPU.Build.0 = Debug|Any CPU
		{9CA5B764-D047-4662-BA93-DB578ED89E4E}.Release|Any CPU.ActiveCfg = Release|Any CPU
		{9CA5B764-D047-4662-BA93-DB578ED89E4E}.Release|Any CPU.Build.0 = Release|Any CPU
		{145B3734-29AC-41A8-9BEB-39CBE9C38F9A}.Debug|Any CPU.ActiveCfg = Debug|Any CPU
		{145B3734-29AC-41A8-9BEB-39CBE9C38F9A}.Debug|Any CPU.Build.0 = Debug|Any CPU
		{145B3734-29AC-41A8-9BEB-39CBE9C38F9A}.Release|Any CPU.ActiveCfg = Release|Any CPU
		{145B3734-29AC-41A8-9BEB-39CBE9C38F9A}.Release|Any CPU.Build.0 = Release|Any CPU
		{7BF3125E-D15F-43A9-9735-E7BC8527BF63}.Debug|Any CPU.ActiveCfg = Debug|Any CPU
		{7BF3125E-D15F-43A9-9735-E7BC8527BF63}.Debug|Any CPU.Build.0 = Debug|Any CPU
		{7BF3125E-D15F-43A9-9735-E7BC8527BF63}.Release|Any CPU.ActiveCfg = Release|Any CPU
		{7BF3125E-D15F-43A9-9735-E7BC8527BF63}.Release|Any CPU.Build.0 = Release|Any CPU
		{515B2AFD-ABE4-4D33-8332-8D900ED947F1}.Debug|Any CPU.ActiveCfg = Debug|Any CPU
		{515B2AFD-ABE4-4D33-8332-8D900ED947F1}.Debug|Any CPU.Build.0 = Debug|Any CPU
		{515B2AFD-ABE4-4D33-8332-8D900ED947F1}.Release|Any CPU.ActiveCfg = Release|Any CPU
		{515B2AFD-ABE4-4D33-8332-8D900ED947F1}.Release|Any CPU.Build.0 = Release|Any CPU
		{11206F21-DC7C-4F62-9AB9-9CD1095A78C0}.Debug|Any CPU.ActiveCfg = Debug|Any CPU
		{11206F21-DC7C-4F62-9AB9-9CD1095A78C0}.Debug|Any CPU.Build.0 = Debug|Any CPU
		{11206F21-DC7C-4F62-9AB9-9CD1095A78C0}.Release|Any CPU.ActiveCfg = Release|Any CPU
		{11206F21-DC7C-4F62-9AB9-9CD1095A78C0}.Release|Any CPU.Build.0 = Release|Any CPU
		{7FB9B7F5-2CC8-4E71-B714-5E2044164448}.Debug|Any CPU.ActiveCfg = Debug|Any CPU
		{7FB9B7F5-2CC8-4E71-B714-5E2044164448}.Debug|Any CPU.Build.0 = Debug|Any CPU
		{7FB9B7F5-2CC8-4E71-B714-5E2044164448}.Release|Any CPU.ActiveCfg = Release|Any CPU
		{7FB9B7F5-2CC8-4E71-B714-5E2044164448}.Release|Any CPU.Build.0 = Release|Any CPU
		{A5F67ECC-4923-41E9-96F9-1E5D7EF417ED}.Debug|Any CPU.ActiveCfg = Debug|Any CPU
		{A5F67ECC-4923-41E9-96F9-1E5D7EF417ED}.Debug|Any CPU.Build.0 = Debug|Any CPU
		{A5F67ECC-4923-41E9-96F9-1E5D7EF417ED}.Release|Any CPU.ActiveCfg = Release|Any CPU
		{A5F67ECC-4923-41E9-96F9-1E5D7EF417ED}.Release|Any CPU.Build.0 = Release|Any CPU
		{1873B56F-99EA-4E0E-B9D4-F4C3293FB25D}.Debug|Any CPU.ActiveCfg = Debug|Any CPU
		{1873B56F-99EA-4E0E-B9D4-F4C3293FB25D}.Debug|Any CPU.Build.0 = Debug|Any CPU
		{1873B56F-99EA-4E0E-B9D4-F4C3293FB25D}.Release|Any CPU.ActiveCfg = Release|Any CPU
		{1873B56F-99EA-4E0E-B9D4-F4C3293FB25D}.Release|Any CPU.Build.0 = Release|Any CPU
		{7B52589F-3E98-4620-BA08-211174EE6AE3}.Debug|Any CPU.ActiveCfg = Debug|Any CPU
		{7B52589F-3E98-4620-BA08-211174EE6AE3}.Debug|Any CPU.Build.0 = Debug|Any CPU
		{7B52589F-3E98-4620-BA08-211174EE6AE3}.Release|Any CPU.ActiveCfg = Release|Any CPU
		{7B52589F-3E98-4620-BA08-211174EE6AE3}.Release|Any CPU.Build.0 = Release|Any CPU
		{CFCC17E1-DD89-4135-A35B-682E722D070B}.Debug|Any CPU.ActiveCfg = Debug|Any CPU
		{CFCC17E1-DD89-4135-A35B-682E722D070B}.Debug|Any CPU.Build.0 = Debug|Any CPU
		{CFCC17E1-DD89-4135-A35B-682E722D070B}.Release|Any CPU.ActiveCfg = Release|Any CPU
		{CFCC17E1-DD89-4135-A35B-682E722D070B}.Release|Any CPU.Build.0 = Release|Any CPU
		{AD72F6ED-27BD-4FFF-AD43-B653DC8F67F5}.Debug|Any CPU.ActiveCfg = Debug|Any CPU
		{AD72F6ED-27BD-4FFF-AD43-B653DC8F67F5}.Debug|Any CPU.Build.0 = Debug|Any CPU
		{AD72F6ED-27BD-4FFF-AD43-B653DC8F67F5}.Release|Any CPU.ActiveCfg = Release|Any CPU
		{AD72F6ED-27BD-4FFF-AD43-B653DC8F67F5}.Release|Any CPU.Build.0 = Release|Any CPU
		{4202B741-6554-49A1-88BF-A93DC792B525}.Debug|Any CPU.ActiveCfg = Debug|Any CPU
		{4202B741-6554-49A1-88BF-A93DC792B525}.Debug|Any CPU.Build.0 = Debug|Any CPU
		{4202B741-6554-49A1-88BF-A93DC792B525}.Release|Any CPU.ActiveCfg = Release|Any CPU
		{4202B741-6554-49A1-88BF-A93DC792B525}.Release|Any CPU.Build.0 = Release|Any CPU
		{992E6471-B771-484C-91DC-6F325472DC31}.Debug|Any CPU.ActiveCfg = Debug|Any CPU
		{992E6471-B771-484C-91DC-6F325472DC31}.Debug|Any CPU.Build.0 = Debug|Any CPU
		{992E6471-B771-484C-91DC-6F325472DC31}.Release|Any CPU.ActiveCfg = Release|Any CPU
		{992E6471-B771-484C-91DC-6F325472DC31}.Release|Any CPU.Build.0 = Release|Any CPU
		{0C99F775-D654-4148-B2DD-B9010B374114}.Debug|Any CPU.ActiveCfg = Debug|Any CPU
		{0C99F775-D654-4148-B2DD-B9010B374114}.Debug|Any CPU.Build.0 = Debug|Any CPU
		{0C99F775-D654-4148-B2DD-B9010B374114}.Release|Any CPU.ActiveCfg = Release|Any CPU
		{0C99F775-D654-4148-B2DD-B9010B374114}.Release|Any CPU.Build.0 = Release|Any CPU
		{63C9F17E-6DC1-4AD8-A919-5C55EBF9B8D4}.Debug|Any CPU.ActiveCfg = Debug|Any CPU
		{63C9F17E-6DC1-4AD8-A919-5C55EBF9B8D4}.Debug|Any CPU.Build.0 = Debug|Any CPU
		{63C9F17E-6DC1-4AD8-A919-5C55EBF9B8D4}.Release|Any CPU.ActiveCfg = Release|Any CPU
		{63C9F17E-6DC1-4AD8-A919-5C55EBF9B8D4}.Release|Any CPU.Build.0 = Release|Any CPU
		{4A40A2EE-57BC-48A4-ABD5-36C7D3CBDD34}.Debug|Any CPU.ActiveCfg = Debug|Any CPU
		{4A40A2EE-57BC-48A4-ABD5-36C7D3CBDD34}.Debug|Any CPU.Build.0 = Debug|Any CPU
		{4A40A2EE-57BC-48A4-ABD5-36C7D3CBDD34}.Release|Any CPU.ActiveCfg = Release|Any CPU
		{4A40A2EE-57BC-48A4-ABD5-36C7D3CBDD34}.Release|Any CPU.Build.0 = Release|Any CPU
		{D7685BCC-3AF4-4E80-AD88-770CC74BAF13}.Debug|Any CPU.ActiveCfg = Debug|Any CPU
		{D7685BCC-3AF4-4E80-AD88-770CC74BAF13}.Debug|Any CPU.Build.0 = Debug|Any CPU
		{D7685BCC-3AF4-4E80-AD88-770CC74BAF13}.Release|Any CPU.ActiveCfg = Release|Any CPU
		{D7685BCC-3AF4-4E80-AD88-770CC74BAF13}.Release|Any CPU.Build.0 = Release|Any CPU
		{D0409309-AB36-4ADC-A615-5BB23DA19D1E}.Debug|Any CPU.ActiveCfg = Debug|Any CPU
		{D0409309-AB36-4ADC-A615-5BB23DA19D1E}.Debug|Any CPU.Build.0 = Debug|Any CPU
		{D0409309-AB36-4ADC-A615-5BB23DA19D1E}.Release|Any CPU.ActiveCfg = Release|Any CPU
		{D0409309-AB36-4ADC-A615-5BB23DA19D1E}.Release|Any CPU.Build.0 = Release|Any CPU
		{0ADFB2DB-E9F6-4345-A659-60CF03571453}.Debug|Any CPU.ActiveCfg = Debug|Any CPU
		{0ADFB2DB-E9F6-4345-A659-60CF03571453}.Debug|Any CPU.Build.0 = Debug|Any CPU
		{0ADFB2DB-E9F6-4345-A659-60CF03571453}.Release|Any CPU.ActiveCfg = Release|Any CPU
		{0ADFB2DB-E9F6-4345-A659-60CF03571453}.Release|Any CPU.Build.0 = Release|Any CPU
		{FBD6250D-DC02-4917-9D35-C9864D102F21}.Debug|Any CPU.ActiveCfg = Debug|Any CPU
		{FBD6250D-DC02-4917-9D35-C9864D102F21}.Debug|Any CPU.Build.0 = Debug|Any CPU
		{FBD6250D-DC02-4917-9D35-C9864D102F21}.Release|Any CPU.ActiveCfg = Release|Any CPU
		{FBD6250D-DC02-4917-9D35-C9864D102F21}.Release|Any CPU.Build.0 = Release|Any CPU
		{A5BA890A-7ED1-4719-B635-486B9F3829A9}.Debug|Any CPU.ActiveCfg = Debug|Any CPU
		{A5BA890A-7ED1-4719-B635-486B9F3829A9}.Debug|Any CPU.Build.0 = Debug|Any CPU
		{A5BA890A-7ED1-4719-B635-486B9F3829A9}.Release|Any CPU.ActiveCfg = Release|Any CPU
		{A5BA890A-7ED1-4719-B635-486B9F3829A9}.Release|Any CPU.Build.0 = Release|Any CPU
		{F70692C4-B062-49DB-A8C1-635B39E1AA94}.Debug|Any CPU.ActiveCfg = Debug|Any CPU
		{F70692C4-B062-49DB-A8C1-635B39E1AA94}.Debug|Any CPU.Build.0 = Debug|Any CPU
		{F70692C4-B062-49DB-A8C1-635B39E1AA94}.Release|Any CPU.ActiveCfg = Release|Any CPU
		{F70692C4-B062-49DB-A8C1-635B39E1AA94}.Release|Any CPU.Build.0 = Release|Any CPU
		{67291644-A346-4EB2-96E9-467497CCF9FE}.Debug|Any CPU.ActiveCfg = Debug|Any CPU
		{67291644-A346-4EB2-96E9-467497CCF9FE}.Debug|Any CPU.Build.0 = Debug|Any CPU
		{67291644-A346-4EB2-96E9-467497CCF9FE}.Release|Any CPU.ActiveCfg = Release|Any CPU
		{67291644-A346-4EB2-96E9-467497CCF9FE}.Release|Any CPU.Build.0 = Release|Any CPU
		{5FA99036-02AF-47DD-925A-397ABA11FF42}.Debug|Any CPU.ActiveCfg = Debug|Any CPU
		{5FA99036-02AF-47DD-925A-397ABA11FF42}.Debug|Any CPU.Build.0 = Debug|Any CPU
		{5FA99036-02AF-47DD-925A-397ABA11FF42}.Release|Any CPU.ActiveCfg = Release|Any CPU
		{5FA99036-02AF-47DD-925A-397ABA11FF42}.Release|Any CPU.Build.0 = Release|Any CPU
		{999AE8E9-901D-4081-88BE-BA8E8E71946F}.Debug|Any CPU.ActiveCfg = Debug|Any CPU
		{999AE8E9-901D-4081-88BE-BA8E8E71946F}.Debug|Any CPU.Build.0 = Debug|Any CPU
		{999AE8E9-901D-4081-88BE-BA8E8E71946F}.Release|Any CPU.ActiveCfg = Release|Any CPU
		{999AE8E9-901D-4081-88BE-BA8E8E71946F}.Release|Any CPU.Build.0 = Release|Any CPU
		{2C7D4659-284F-466E-A2B9-0A9DF260AA8E}.Debug|Any CPU.ActiveCfg = Debug|Any CPU
		{2C7D4659-284F-466E-A2B9-0A9DF260AA8E}.Debug|Any CPU.Build.0 = Debug|Any CPU
		{2C7D4659-284F-466E-A2B9-0A9DF260AA8E}.Release|Any CPU.ActiveCfg = Release|Any CPU
		{2C7D4659-284F-466E-A2B9-0A9DF260AA8E}.Release|Any CPU.Build.0 = Release|Any CPU
		{D828F5D5-160C-4438-99E8-79765D9C913C}.Debug|Any CPU.ActiveCfg = Debug|Any CPU
		{D828F5D5-160C-4438-99E8-79765D9C913C}.Debug|Any CPU.Build.0 = Debug|Any CPU
		{D828F5D5-160C-4438-99E8-79765D9C913C}.Release|Any CPU.ActiveCfg = Release|Any CPU
		{D828F5D5-160C-4438-99E8-79765D9C913C}.Release|Any CPU.Build.0 = Release|Any CPU
		{76310B3A-CA9D-4AC1-9970-B595DE895221}.Debug|Any CPU.ActiveCfg = Debug|Any CPU
		{76310B3A-CA9D-4AC1-9970-B595DE895221}.Debug|Any CPU.Build.0 = Debug|Any CPU
		{76310B3A-CA9D-4AC1-9970-B595DE895221}.Release|Any CPU.ActiveCfg = Release|Any CPU
		{76310B3A-CA9D-4AC1-9970-B595DE895221}.Release|Any CPU.Build.0 = Release|Any CPU
		{9FE9A632-5ABE-492D-85F0-ADAAEDE417F7}.Debug|Any CPU.ActiveCfg = Debug|Any CPU
		{9FE9A632-5ABE-492D-85F0-ADAAEDE417F7}.Debug|Any CPU.Build.0 = Debug|Any CPU
		{9FE9A632-5ABE-492D-85F0-ADAAEDE417F7}.Release|Any CPU.ActiveCfg = Release|Any CPU
		{9FE9A632-5ABE-492D-85F0-ADAAEDE417F7}.Release|Any CPU.Build.0 = Release|Any CPU
		{7A873F95-C4F9-4B33-A02A-60BB45A6D1AA}.Debug|Any CPU.ActiveCfg = Debug|Any CPU
		{7A873F95-C4F9-4B33-A02A-60BB45A6D1AA}.Debug|Any CPU.Build.0 = Debug|Any CPU
		{7A873F95-C4F9-4B33-A02A-60BB45A6D1AA}.Release|Any CPU.ActiveCfg = Release|Any CPU
		{7A873F95-C4F9-4B33-A02A-60BB45A6D1AA}.Release|Any CPU.Build.0 = Release|Any CPU
		{6FC9477B-2C20-4D71-859B-594FE53474DD}.Debug|Any CPU.ActiveCfg = Debug|Any CPU
		{6FC9477B-2C20-4D71-859B-594FE53474DD}.Debug|Any CPU.Build.0 = Debug|Any CPU
		{6FC9477B-2C20-4D71-859B-594FE53474DD}.Release|Any CPU.ActiveCfg = Release|Any CPU
		{6FC9477B-2C20-4D71-859B-594FE53474DD}.Release|Any CPU.Build.0 = Release|Any CPU
		{5DFC547E-A218-493A-B0B5-BA67D34F6AD6}.Debug|Any CPU.ActiveCfg = Debug|Any CPU
		{5DFC547E-A218-493A-B0B5-BA67D34F6AD6}.Debug|Any CPU.Build.0 = Debug|Any CPU
		{5DFC547E-A218-493A-B0B5-BA67D34F6AD6}.Release|Any CPU.ActiveCfg = Release|Any CPU
		{5DFC547E-A218-493A-B0B5-BA67D34F6AD6}.Release|Any CPU.Build.0 = Release|Any CPU
		{DAF7AA32-C029-49BD-8953-FC115C5542C9}.Debug|Any CPU.ActiveCfg = Debug|Any CPU
		{DAF7AA32-C029-49BD-8953-FC115C5542C9}.Debug|Any CPU.Build.0 = Debug|Any CPU
		{DAF7AA32-C029-49BD-8953-FC115C5542C9}.Release|Any CPU.ActiveCfg = Release|Any CPU
		{DAF7AA32-C029-49BD-8953-FC115C5542C9}.Release|Any CPU.Build.0 = Release|Any CPU
		{DD9021DB-1D01-4D4C-98BE-A5AC30848942}.Debug|Any CPU.ActiveCfg = Debug|Any CPU
		{DD9021DB-1D01-4D4C-98BE-A5AC30848942}.Debug|Any CPU.Build.0 = Debug|Any CPU
		{DD9021DB-1D01-4D4C-98BE-A5AC30848942}.Release|Any CPU.ActiveCfg = Release|Any CPU
		{DD9021DB-1D01-4D4C-98BE-A5AC30848942}.Release|Any CPU.Build.0 = Release|Any CPU
	EndGlobalSection
	GlobalSection(SolutionProperties) = preSolution
		HideSolutionNode = FALSE
	EndGlobalSection
	GlobalSection(NestedProjects) = preSolution
		{68AE0090-E9AF-466A-A898-5A7438A6ED41} = {F7810593-3007-4876-A81C-1C6EDB41FEFB}
		{C602C47E-F379-40A3-A146-4F19105B3491} = {7E85C7E5-70BD-4C9D-B052-D95955F46609}
		{6F98C2F2-898A-421B-BE3D-68FE69EC0646} = {7408541C-F99C-4197-B203-136115BD1CB9}
		{0F98C63C-D019-4F38-9AC3-F5D7BCAD9107} = {5C533A68-EA85-4372-9A04-10B1D6DB2089}
		{D7355480-1C71-47D5-B7A3-023CDC5941F3} = {5C533A68-EA85-4372-9A04-10B1D6DB2089}
		{E896CE38-6D25-45BB-BFAE-0EBE00F58EDB} = {5C533A68-EA85-4372-9A04-10B1D6DB2089}
		{F25D3BC1-3070-422B-A0C5-F8478D9542DA} = {5C533A68-EA85-4372-9A04-10B1D6DB2089}
		{64B5BB73-40D8-4897-A109-679FD8A0B361} = {5C533A68-EA85-4372-9A04-10B1D6DB2089}
		{E8FDE65C-63AB-4B45-ACA4-3369A9411236} = {5C533A68-EA85-4372-9A04-10B1D6DB2089}
		{2F3960A4-FF4D-4CBF-A9E9-C4E02316E491} = {5C533A68-EA85-4372-9A04-10B1D6DB2089}
		{C480377F-C82F-49E9-8DD4-B8B50C6D325C} = {5C533A68-EA85-4372-9A04-10B1D6DB2089}
		{8E6638A2-AF79-4C49-AF9C-7CFA8AAB530E} = {5C533A68-EA85-4372-9A04-10B1D6DB2089}
		{44EE7B2B-C3E5-42B9-95D9-79F8742D6129} = {5C533A68-EA85-4372-9A04-10B1D6DB2089}
		{22F38673-D59E-4D44-92CD-1E0FB37E7858} = {5C533A68-EA85-4372-9A04-10B1D6DB2089}
		{35263B8A-2F09-4AC6-8F5E-C02F15D5361E} = {5C533A68-EA85-4372-9A04-10B1D6DB2089}
		{A4E2B8FC-6BB4-4057-9D87-3804ADE039B1} = {5C533A68-EA85-4372-9A04-10B1D6DB2089}
		{2F5783EE-A022-45A5-928F-2588CB5F6C8E} = {5C533A68-EA85-4372-9A04-10B1D6DB2089}
		{2F287607-7F51-476E-9BBF-FEB8131951AA} = {5C533A68-EA85-4372-9A04-10B1D6DB2089}
		{EADA801E-BF9A-47CF-9871-5154B0C0CD1F} = {5C533A68-EA85-4372-9A04-10B1D6DB2089}
		{1E36A97E-AD8A-492B-A700-BF7892FF8BC9} = {5C533A68-EA85-4372-9A04-10B1D6DB2089}
		{E41A7336-941C-44AF-9FBD-6A85664CC957} = {F7810593-3007-4876-A81C-1C6EDB41FEFB}
		{96319EA5-C353-4624-9E18-F50743C44E7E} = {F7810593-3007-4876-A81C-1C6EDB41FEFB}
		{145B3734-29AC-41A8-9BEB-39CBE9C38F9A} = {7E85C7E5-70BD-4C9D-B052-D95955F46609}
		{7BF3125E-D15F-43A9-9735-E7BC8527BF63} = {68AE0090-E9AF-466A-A898-5A7438A6ED41}
		{515B2AFD-ABE4-4D33-8332-8D900ED947F1} = {68AE0090-E9AF-466A-A898-5A7438A6ED41}
		{11206F21-DC7C-4F62-9AB9-9CD1095A78C0} = {68AE0090-E9AF-466A-A898-5A7438A6ED41}
		{7FB9B7F5-2CC8-4E71-B714-5E2044164448} = {68AE0090-E9AF-466A-A898-5A7438A6ED41}
		{A5F67ECC-4923-41E9-96F9-1E5D7EF417ED} = {68AE0090-E9AF-466A-A898-5A7438A6ED41}
		{1873B56F-99EA-4E0E-B9D4-F4C3293FB25D} = {68AE0090-E9AF-466A-A898-5A7438A6ED41}
		{7B52589F-3E98-4620-BA08-211174EE6AE3} = {7E85C7E5-70BD-4C9D-B052-D95955F46609}
		{CFCC17E1-DD89-4135-A35B-682E722D070B} = {68AE0090-E9AF-466A-A898-5A7438A6ED41}
		{AD72F6ED-27BD-4FFF-AD43-B653DC8F67F5} = {68AE0090-E9AF-466A-A898-5A7438A6ED41}
		{0C99F775-D654-4148-B2DD-B9010B374114} = {7E85C7E5-70BD-4C9D-B052-D95955F46609}
		{63C9F17E-6DC1-4AD8-A919-5C55EBF9B8D4} = {5C533A68-EA85-4372-9A04-10B1D6DB2089}
		{D0409309-AB36-4ADC-A615-5BB23DA19D1E} = {7E85C7E5-70BD-4C9D-B052-D95955F46609}
		{FBD6250D-DC02-4917-9D35-C9864D102F21} = {7E85C7E5-70BD-4C9D-B052-D95955F46609}
		{A5BA890A-7ED1-4719-B635-486B9F3829A9} = {F7810593-3007-4876-A81C-1C6EDB41FEFB}
		{F70692C4-B062-49DB-A8C1-635B39E1AA94} = {F7810593-3007-4876-A81C-1C6EDB41FEFB}
		{67291644-A346-4EB2-96E9-467497CCF9FE} = {F7810593-3007-4876-A81C-1C6EDB41FEFB}
		{76310B3A-CA9D-4AC1-9970-B595DE895221} = {7E85C7E5-70BD-4C9D-B052-D95955F46609}
		{9FE9A632-5ABE-492D-85F0-ADAAEDE417F7} = {7E85C7E5-70BD-4C9D-B052-D95955F46609}
		{7A873F95-C4F9-4B33-A02A-60BB45A6D1AA} = {7E85C7E5-70BD-4C9D-B052-D95955F46609}
		{6FC9477B-2C20-4D71-859B-594FE53474DD} = {68AE0090-E9AF-466A-A898-5A7438A6ED41}
		{DAF7AA32-C029-49BD-8953-FC115C5542C9} = {7E85C7E5-70BD-4C9D-B052-D95955F46609}
	EndGlobalSection
	GlobalSection(ExtensibilityGlobals) = postSolution
		SolutionGuid = {DDBAC820-4861-4751-880D-917BF12E2C5D}
	EndGlobalSection
EndGlobal
